
Microsoft Visual Studio Solution File, Format Version 12.00
# Visual Studio Version 16
VisualStudioVersion = 16.0.29911.84
MinimumVisualStudioVersion = 10.0.40219.1
Project("{2150E333-8FDC-42A3-9474-1A3956D46DE8}") = "Core", "Core", "{02DAFDD5-A813-4B06-8C28-D90956E7EDB9}"
EndProject
Project("{2150E333-8FDC-42A3-9474-1A3956D46DE8}") = "Service", "Service", "{966FAF45-F3CF-48B2-97DC-661B6250BC15}"
EndProject
Project("{2150E333-8FDC-42A3-9474-1A3956D46DE8}") = "RH", "RH", "{8B1350E8-651C-489F-BCB8-4F272C9694DA}"
EndProject
Project("{9A19103F-16F7-4668-BE54-9A1E7A4F7556}") = "RH.Api", "RH.Api\RH.Api.csproj", "{DE9FC30F-469F-47FF-9B87-712AF55E3E75}"
EndProject
Project("{2150E333-8FDC-42A3-9474-1A3956D46DE8}") = "Seguranca", "Seguranca", "{1B4FC839-D101-4D54-A04A-3B39DED7BD0A}"
EndProject
Project("{9A19103F-16F7-4668-BE54-9A1E7A4F7556}") = "RH.Domain", "RH.Domain\RH.Domain.csproj", "{8F215604-2E56-4EA9-8CE2-0D6165083C0F}"
EndProject
Project("{9A19103F-16F7-4668-BE54-9A1E7A4F7556}") = "Seguranca.Infra", "Seguranca.Infra\Seguranca.Infra.csproj", "{46DA0864-8594-4AA6-B3B5-5B75FD0E25D4}"
EndProject
Project("{9A19103F-16F7-4668-BE54-9A1E7A4F7556}") = "Seguranca.Domain", "Seguranca.Domain\Seguranca.Domain.csproj", "{947FF9E5-62E4-40B3-A7E5-7BFF0CAC1BB9}"
EndProject
Project("{9A19103F-16F7-4668-BE54-9A1E7A4F7556}") = "Core.Domain", "Core.Domain\Core.Domain.csproj", "{DF920911-1215-4324-99A8-6402F28931C2}"
EndProject
Project("{9A19103F-16F7-4668-BE54-9A1E7A4F7556}") = "RH.Infra", "RH.Infra\RH.Infra.csproj", "{A9E5148D-EB23-4F60-9AC3-6E8F818E45A1}"
EndProject
Project("{9A19103F-16F7-4668-BE54-9A1E7A4F7556}") = "Core.Infra", "Core.Infra\Core.Infra.csproj", "{450A3641-86BC-427E-B8BB-C04D6098198D}"
EndProject
Project("{9A19103F-16F7-4668-BE54-9A1E7A4F7556}") = "Core.RabbitMq", "Core.RabbitMq\Core.RabbitMq.csproj", "{35748FE1-42D2-44CB-A3DA-162C97D7E621}"
EndProject
Project("{9A19103F-16F7-4668-BE54-9A1E7A4F7556}") = "Seguranca.Api", "Seguranca.Api\Seguranca.Api.csproj", "{DAE18960-9B20-45B7-9C3B-BD67C7A740DE}"
EndProject
Project("{9A19103F-16F7-4668-BE54-9A1E7A4F7556}") = "Core.Web", "Core.Web\Core.Web.csproj", "{CFA75724-4F52-4F4E-B9D3-D9B31F54A6C0}"
EndProject
Project("{2150E333-8FDC-42A3-9474-1A3956D46DE8}") = "Gateway", "Gateway", "{B20D83A8-54E8-4A33-A6C3-0D78CB27523F}"
EndProject
Project("{9A19103F-16F7-4668-BE54-9A1E7A4F7556}") = "Gateway.Api", "Gateway.Api\Gateway.Api.csproj", "{C28EBDEC-414F-4005-A254-D7E0557779CA}"
EndProject
Project("{2150E333-8FDC-42A3-9474-1A3956D46DE8}") = "IdentityServer", "IdentityServer", "{C2814C15-D96B-477B-B407-65815F8519DB}"
EndProject
Project("{9A19103F-16F7-4668-BE54-9A1E7A4F7556}") = "IdentityServer", "IdentityServer4\IdentityServer.csproj", "{0AC526A8-2EE0-4149-9B21-A1764101EDE7}"
EndProject
Global
	GlobalSection(SolutionConfigurationPlatforms) = preSolution
		Debug|Any CPU = Debug|Any CPU
		Release|Any CPU = Release|Any CPU
	EndGlobalSection
	GlobalSection(ProjectConfigurationPlatforms) = postSolution
		{DE9FC30F-469F-47FF-9B87-712AF55E3E75}.Debug|Any CPU.ActiveCfg = Debug|Any CPU
		{DE9FC30F-469F-47FF-9B87-712AF55E3E75}.Debug|Any CPU.Build.0 = Debug|Any CPU
		{DE9FC30F-469F-47FF-9B87-712AF55E3E75}.Release|Any CPU.ActiveCfg = Release|Any CPU
		{DE9FC30F-469F-47FF-9B87-712AF55E3E75}.Release|Any CPU.Build.0 = Release|Any CPU
		{8F215604-2E56-4EA9-8CE2-0D6165083C0F}.Debug|Any CPU.ActiveCfg = Debug|Any CPU
		{8F215604-2E56-4EA9-8CE2-0D6165083C0F}.Debug|Any CPU.Build.0 = Debug|Any CPU
		{8F215604-2E56-4EA9-8CE2-0D6165083C0F}.Release|Any CPU.ActiveCfg = Release|Any CPU
		{8F215604-2E56-4EA9-8CE2-0D6165083C0F}.Release|Any CPU.Build.0 = Release|Any CPU
		{46DA0864-8594-4AA6-B3B5-5B75FD0E25D4}.Debug|Any CPU.ActiveCfg = Debug|Any CPU
		{46DA0864-8594-4AA6-B3B5-5B75FD0E25D4}.Debug|Any CPU.Build.0 = Debug|Any CPU
		{46DA0864-8594-4AA6-B3B5-5B75FD0E25D4}.Release|Any CPU.ActiveCfg = Release|Any CPU
		{46DA0864-8594-4AA6-B3B5-5B75FD0E25D4}.Release|Any CPU.Build.0 = Release|Any CPU
		{947FF9E5-62E4-40B3-A7E5-7BFF0CAC1BB9}.Debug|Any CPU.ActiveCfg = Debug|Any CPU
		{947FF9E5-62E4-40B3-A7E5-7BFF0CAC1BB9}.Debug|Any CPU.Build.0 = Debug|Any CPU
		{947FF9E5-62E4-40B3-A7E5-7BFF0CAC1BB9}.Release|Any CPU.ActiveCfg = Release|Any CPU
		{947FF9E5-62E4-40B3-A7E5-7BFF0CAC1BB9}.Release|Any CPU.Build.0 = Release|Any CPU
		{DF920911-1215-4324-99A8-6402F28931C2}.Debug|Any CPU.ActiveCfg = Debug|Any CPU
		{DF920911-1215-4324-99A8-6402F28931C2}.Debug|Any CPU.Build.0 = Debug|Any CPU
		{DF920911-1215-4324-99A8-6402F28931C2}.Release|Any CPU.ActiveCfg = Release|Any CPU
		{DF920911-1215-4324-99A8-6402F28931C2}.Release|Any CPU.Build.0 = Release|Any CPU
		{A9E5148D-EB23-4F60-9AC3-6E8F818E45A1}.Debug|Any CPU.ActiveCfg = Debug|Any CPU
		{A9E5148D-EB23-4F60-9AC3-6E8F818E45A1}.Debug|Any CPU.Build.0 = Debug|Any CPU
		{A9E5148D-EB23-4F60-9AC3-6E8F818E45A1}.Release|Any CPU.ActiveCfg = Release|Any CPU
		{A9E5148D-EB23-4F60-9AC3-6E8F818E45A1}.Release|Any CPU.Build.0 = Release|Any CPU
		{450A3641-86BC-427E-B8BB-C04D6098198D}.Debug|Any CPU.ActiveCfg = Debug|Any CPU
		{450A3641-86BC-427E-B8BB-C04D6098198D}.Debug|Any CPU.Build.0 = Debug|Any CPU
		{450A3641-86BC-427E-B8BB-C04D6098198D}.Release|Any CPU.ActiveCfg = Release|Any CPU
		{450A3641-86BC-427E-B8BB-C04D6098198D}.Release|Any CPU.Build.0 = Release|Any CPU
		{35748FE1-42D2-44CB-A3DA-162C97D7E621}.Debug|Any CPU.ActiveCfg = Debug|Any CPU
		{35748FE1-42D2-44CB-A3DA-162C97D7E621}.Debug|Any CPU.Build.0 = Debug|Any CPU
		{35748FE1-42D2-44CB-A3DA-162C97D7E621}.Release|Any CPU.ActiveCfg = Release|Any CPU
		{35748FE1-42D2-44CB-A3DA-162C97D7E621}.Release|Any CPU.Build.0 = Release|Any CPU
		{DAE18960-9B20-45B7-9C3B-BD67C7A740DE}.Debug|Any CPU.ActiveCfg = Debug|Any CPU
		{DAE18960-9B20-45B7-9C3B-BD67C7A740DE}.Debug|Any CPU.Build.0 = Debug|Any CPU
		{DAE18960-9B20-45B7-9C3B-BD67C7A740DE}.Release|Any CPU.ActiveCfg = Release|Any CPU
		{DAE18960-9B20-45B7-9C3B-BD67C7A740DE}.Release|Any CPU.Build.0 = Release|Any CPU
		{CFA75724-4F52-4F4E-B9D3-D9B31F54A6C0}.Debug|Any CPU.ActiveCfg = Debug|Any CPU
		{CFA75724-4F52-4F4E-B9D3-D9B31F54A6C0}.Debug|Any CPU.Build.0 = Debug|Any CPU
		{CFA75724-4F52-4F4E-B9D3-D9B31F54A6C0}.Release|Any CPU.ActiveCfg = Release|Any CPU
		{CFA75724-4F52-4F4E-B9D3-D9B31F54A6C0}.Release|Any CPU.Build.0 = Release|Any CPU
		{C28EBDEC-414F-4005-A254-D7E0557779CA}.Debug|Any CPU.ActiveCfg = Debug|Any CPU
		{C28EBDEC-414F-4005-A254-D7E0557779CA}.Debug|Any CPU.Build.0 = Debug|Any CPU
		{C28EBDEC-414F-4005-A254-D7E0557779CA}.Release|Any CPU.ActiveCfg = Release|Any CPU
		{C28EBDEC-414F-4005-A254-D7E0557779CA}.Release|Any CPU.Build.0 = Release|Any CPU
		{0AC526A8-2EE0-4149-9B21-A1764101EDE7}.Debug|Any CPU.ActiveCfg = Debug|Any CPU
		{0AC526A8-2EE0-4149-9B21-A1764101EDE7}.Debug|Any CPU.Build.0 = Debug|Any CPU
		{0AC526A8-2EE0-4149-9B21-A1764101EDE7}.Release|Any CPU.ActiveCfg = Release|Any CPU
		{0AC526A8-2EE0-4149-9B21-A1764101EDE7}.Release|Any CPU.Build.0 = Release|Any CPU
	EndGlobalSection
	GlobalSection(SolutionProperties) = preSolution
		HideSolutionNode = FALSE
	EndGlobalSection
	GlobalSection(NestedProjects) = preSolution
		{8B1350E8-651C-489F-BCB8-4F272C9694DA} = {966FAF45-F3CF-48B2-97DC-661B6250BC15}
		{DE9FC30F-469F-47FF-9B87-712AF55E3E75} = {8B1350E8-651C-489F-BCB8-4F272C9694DA}
		{1B4FC839-D101-4D54-A04A-3B39DED7BD0A} = {966FAF45-F3CF-48B2-97DC-661B6250BC15}
		{8F215604-2E56-4EA9-8CE2-0D6165083C0F} = {8B1350E8-651C-489F-BCB8-4F272C9694DA}
		{46DA0864-8594-4AA6-B3B5-5B75FD0E25D4} = {1B4FC839-D101-4D54-A04A-3B39DED7BD0A}
		{947FF9E5-62E4-40B3-A7E5-7BFF0CAC1BB9} = {1B4FC839-D101-4D54-A04A-3B39DED7BD0A}
		{DF920911-1215-4324-99A8-6402F28931C2} = {02DAFDD5-A813-4B06-8C28-D90956E7EDB9}
		{A9E5148D-EB23-4F60-9AC3-6E8F818E45A1} = {8B1350E8-651C-489F-BCB8-4F272C9694DA}
		{450A3641-86BC-427E-B8BB-C04D6098198D} = {02DAFDD5-A813-4B06-8C28-D90956E7EDB9}
		{35748FE1-42D2-44CB-A3DA-162C97D7E621} = {02DAFDD5-A813-4B06-8C28-D90956E7EDB9}
		{DAE18960-9B20-45B7-9C3B-BD67C7A740DE} = {1B4FC839-D101-4D54-A04A-3B39DED7BD0A}
		{CFA75724-4F52-4F4E-B9D3-D9B31F54A6C0} = {02DAFDD5-A813-4B06-8C28-D90956E7EDB9}
		{B20D83A8-54E8-4A33-A6C3-0D78CB27523F} = {966FAF45-F3CF-48B2-97DC-661B6250BC15}
		{C28EBDEC-414F-4005-A254-D7E0557779CA} = {B20D83A8-54E8-4A33-A6C3-0D78CB27523F}
		{C2814C15-D96B-477B-B407-65815F8519DB} = {966FAF45-F3CF-48B2-97DC-661B6250BC15}
		{0AC526A8-2EE0-4149-9B21-A1764101EDE7} = {C2814C15-D96B-477B-B407-65815F8519DB}
	EndGlobalSection
	GlobalSection(ExtensibilityGlobals) = postSolution
		SolutionGuid = {18492E87-A774-4394-A11A-84ED145BC585}
	EndGlobalSection
EndGlobal
